// !$*UTF8*$!
{
	archiveVersion = 1;
	classes = {
	};
	objectVersion = 50;
	objects = {

/* Begin PBXBuildFile section */
		D42A97453A7FCA58B5633C58 /* Pods_MusicPlayer.framework in Frameworks */ = {isa = PBXBuildFile; fileRef = E648F72F0F9676E9C85A4C86 /* Pods_MusicPlayer.framework */; };
		E7E3A5D9DF415EF49158B656 /* MainViewController.swift in Sources */ = {isa = PBXBuildFile; fileRef = E7E3A3EB42A1F40989AB52D6 /* MainViewController.swift */; };
		E7E3A61CF2FD637AE4971AD8 /* AppDelegate.swift in Sources */ = {isa = PBXBuildFile; fileRef = E7E3A4905544111B1BD3F7C4 /* AppDelegate.swift */; };
		E7E3A689EDE87E5ED16C0224 /* Assets.xcassets in Resources */ = {isa = PBXBuildFile; fileRef = E7E3A0268CA844564F70AE26 /* Assets.xcassets */; };
		E7E3AC25C501072E191A5E91 /* Main.storyboard in Resources */ = {isa = PBXBuildFile; fileRef = E7E3A40345FDEF5295DAE3D6 /* Main.storyboard */; };
		E7E3ACA82E26E470236BADEE /* LaunchScreen.storyboard in Resources */ = {isa = PBXBuildFile; fileRef = E7E3A56F87B2CE38FF3FE89A /* LaunchScreen.storyboard */; };
		E7E3AD3E6FF9160E8694F0B6 /* AudioModel.swift in Sources */ = {isa = PBXBuildFile; fileRef = E7E3A7294558AA6FEA4BACF1 /* AudioModel.swift */; };
		F804A29020B963330050A379 /* AudioTableViewCell.swift in Sources */ = {isa = PBXBuildFile; fileRef = F804A28F20B963330050A379 /* AudioTableViewCell.swift */; };
/* End PBXBuildFile section */

/* Begin PBXFileReference section */
		8B2D00DAF143B8FFFCEA09F9 /* Pods-MusicPlayer.debug.xcconfig */ = {isa = PBXFileReference; includeInIndex = 1; lastKnownFileType = text.xcconfig; name = "Pods-MusicPlayer.debug.xcconfig"; path = "Pods/Target Support Files/Pods-MusicPlayer/Pods-MusicPlayer.debug.xcconfig"; sourceTree = "<group>"; };
		CBE1FC22AB65D04DDD578BFF /* Pods-MusicPlayer.release.xcconfig */ = {isa = PBXFileReference; includeInIndex = 1; lastKnownFileType = text.xcconfig; name = "Pods-MusicPlayer.release.xcconfig"; path = "Pods/Target Support Files/Pods-MusicPlayer/Pods-MusicPlayer.release.xcconfig"; sourceTree = "<group>"; };
		E648F72F0F9676E9C85A4C86 /* Pods_MusicPlayer.framework */ = {isa = PBXFileReference; explicitFileType = wrapper.framework; includeInIndex = 0; path = Pods_MusicPlayer.framework; sourceTree = BUILT_PRODUCTS_DIR; };
		E7E3A0268CA844564F70AE26 /* Assets.xcassets */ = {isa = PBXFileReference; lastKnownFileType = folder.assetcatalog; path = Assets.xcassets; sourceTree = "<group>"; };
		E7E3A09084174217AFF41F43 /* Info.plist */ = {isa = PBXFileReference; fileEncoding = 4; lastKnownFileType = text.plist.info; path = Info.plist; sourceTree = "<group>"; };
		E7E3A3EB42A1F40989AB52D6 /* MainViewController.swift */ = {isa = PBXFileReference; fileEncoding = 4; lastKnownFileType = sourcecode.swift; path = MainViewController.swift; sourceTree = "<group>"; };
		E7E3A40345FDEF5295DAE3D6 /* Main.storyboard */ = {isa = PBXFileReference; lastKnownFileType = file.storyboard; path = Main.storyboard; sourceTree = "<group>"; };
		E7E3A4905544111B1BD3F7C4 /* AppDelegate.swift */ = {isa = PBXFileReference; fileEncoding = 4; lastKnownFileType = sourcecode.swift; path = AppDelegate.swift; sourceTree = "<group>"; };
		E7E3A56F87B2CE38FF3FE89A /* LaunchScreen.storyboard */ = {isa = PBXFileReference; lastKnownFileType = file.storyboard; path = LaunchScreen.storyboard; sourceTree = "<group>"; };
		E7E3A7294558AA6FEA4BACF1 /* AudioModel.swift */ = {isa = PBXFileReference; fileEncoding = 4; lastKnownFileType = sourcecode.swift; path = AudioModel.swift; sourceTree = "<group>"; };
		F804A28F20B963330050A379 /* AudioTableViewCell.swift */ = {isa = PBXFileReference; lastKnownFileType = sourcecode.swift; path = AudioTableViewCell.swift; sourceTree = "<group>"; };
		F863B48620B8721200DB685F /* MusicPlayer.app */ = {isa = PBXFileReference; explicitFileType = wrapper.application; includeInIndex = 0; path = MusicPlayer.app; sourceTree = BUILT_PRODUCTS_DIR; };
/* End PBXFileReference section */

/* Begin PBXFrameworksBuildPhase section */
		F863B48320B8721200DB685F /* Frameworks */ = {
			isa = PBXFrameworksBuildPhase;
			buildActionMask = 2147483647;
			files = (
				D42A97453A7FCA58B5633C58 /* Pods_MusicPlayer.framework in Frameworks */,
			);
			runOnlyForDeploymentPostprocessing = 0;
		};
/* End PBXFrameworksBuildPhase section */

/* Begin PBXGroup section */
		E7E3A44D89ADB5D05A6A48EF /* Controller */ = {
			isa = PBXGroup;
			children = (
				E7E3A3EB42A1F40989AB52D6 /* MainViewController.swift */,
			);
			path = Controller;
			sourceTree = "<group>";
		};
		E7E3A7DD1E713688306833B7 /* Universal */ = {
			isa = PBXGroup;
			children = (
				E7E3A4905544111B1BD3F7C4 /* AppDelegate.swift */,
				E7E3A0268CA844564F70AE26 /* Assets.xcassets */,
				E7E3A40345FDEF5295DAE3D6 /* Main.storyboard */,
				E7E3A09084174217AFF41F43 /* Info.plist */,
				E7E3A56F87B2CE38FF3FE89A /* LaunchScreen.storyboard */,
			);
			path = Universal;
			sourceTree = "<group>";
		};
		E7E3A9542DD842C8D0774710 /* Model */ = {
			isa = PBXGroup;
			children = (
				E7E3A7294558AA6FEA4BACF1 /* AudioModel.swift */,
			);
			path = Model;
			sourceTree = "<group>";
		};
		E7E3AA91B1A878BDB630C9DC /* View */ = {
			isa = PBXGroup;
			children = (
				F804A28F20B963330050A379 /* AudioTableViewCell.swift */,
			);
			path = View;
			sourceTree = "<group>";
		};
		E7E3ABA985702D50EB94A39F /* iPhone */ = {
			isa = PBXGroup;
			children = (
				E7E3A9542DD842C8D0774710 /* Model */,
				E7E3A44D89ADB5D05A6A48EF /* Controller */,
				E7E3AA91B1A878BDB630C9DC /* View */,
			);
			path = iPhone;
			sourceTree = "<group>";
		};
		EC1E48D684F0CE22E4074207 /* Frameworks */ = {
			isa = PBXGroup;
			children = (
				E648F72F0F9676E9C85A4C86 /* Pods_MusicPlayer.framework */,
			);
			name = Frameworks;
			sourceTree = "<group>";
		};
		F863B47D20B8721200DB685F = {
			isa = PBXGroup;
			children = (
				F863B48820B8721200DB685F /* MusicPlayer */,
				F863B48720B8721200DB685F /* Products */,
				FEF076EE5F15049770A9F66E /* Pods */,
				EC1E48D684F0CE22E4074207 /* Frameworks */,
			);
			sourceTree = "<group>";
		};
		F863B48720B8721200DB685F /* Products */ = {
			isa = PBXGroup;
			children = (
				F863B48620B8721200DB685F /* MusicPlayer.app */,
			);
			name = Products;
			sourceTree = "<group>";
		};
		F863B48820B8721200DB685F /* MusicPlayer */ = {
			isa = PBXGroup;
			children = (
				E7E3ABA985702D50EB94A39F /* iPhone */,
				E7E3A7DD1E713688306833B7 /* Universal */,
			);
			path = MusicPlayer;
			sourceTree = "<group>";
		};
		FEF076EE5F15049770A9F66E /* Pods */ = {
			isa = PBXGroup;
			children = (
				8B2D00DAF143B8FFFCEA09F9 /* Pods-MusicPlayer.debug.xcconfig */,
				CBE1FC22AB65D04DDD578BFF /* Pods-MusicPlayer.release.xcconfig */,
			);
			name = Pods;
			sourceTree = "<group>";
		};
/* End PBXGroup section */

/* Begin PBXNativeTarget section */
		F863B48520B8721200DB685F /* MusicPlayer */ = {
			isa = PBXNativeTarget;
			buildConfigurationList = F863B49820B8721300DB685F /* Build configuration list for PBXNativeTarget "MusicPlayer" */;
			buildPhases = (
				5C1C78F7F4BA30B9523DE5E8 /* [CP] Check Pods Manifest.lock */,
				F863B48220B8721200DB685F /* Sources */,
				F863B48320B8721200DB685F /* Frameworks */,
				F863B48420B8721200DB685F /* Resources */,
				49749281F5BA772FB80E058E /* [CP] Embed Pods Frameworks */,
			);
			buildRules = (
			);
			dependencies = (
			);
			name = MusicPlayer;
			productName = MusicPlayer;
			productReference = F863B48620B8721200DB685F /* MusicPlayer.app */;
			productType = "com.apple.product-type.application";
		};
/* End PBXNativeTarget section */

/* Begin PBXProject section */
		F863B47E20B8721200DB685F /* Project object */ = {
			isa = PBXProject;
			attributes = {
				LastSwiftUpdateCheck = 0930;
				LastUpgradeCheck = 0930;
				ORGANIZATIONNAME = "王靖凯";
				TargetAttributes = {
					F863B48520B8721200DB685F = {
						CreatedOnToolsVersion = 9.3.1;
					};
				};
			};
			buildConfigurationList = F863B48120B8721200DB685F /* Build configuration list for PBXProject "MusicPlayer" */;
			compatibilityVersion = "Xcode 9.3";
			developmentRegion = en;
			hasScannedForEncodings = 0;
			knownRegions = (
				en,
				Base,
			);
			mainGroup = F863B47D20B8721200DB685F;
			productRefGroup = F863B48720B8721200DB685F /* Products */;
			projectDirPath = "";
			projectRoot = "";
			targets = (
				F863B48520B8721200DB685F /* MusicPlayer */,
			);
		};
/* End PBXProject section */

/* Begin PBXResourcesBuildPhase section */
		F863B48420B8721200DB685F /* Resources */ = {
			isa = PBXResourcesBuildPhase;
			buildActionMask = 2147483647;
			files = (
				E7E3A689EDE87E5ED16C0224 /* Assets.xcassets in Resources */,
				E7E3AC25C501072E191A5E91 /* Main.storyboard in Resources */,
				E7E3ACA82E26E470236BADEE /* LaunchScreen.storyboard in Resources */,
			);
			runOnlyForDeploymentPostprocessing = 0;
		};
/* End PBXResourcesBuildPhase section */

/* Begin PBXShellScriptBuildPhase section */
		49749281F5BA772FB80E058E /* [CP] Embed Pods Frameworks */ = {
			isa = PBXShellScriptBuildPhase;
			buildActionMask = 2147483647;
			files = (
			);
			inputPaths = (
				"${SRCROOT}/Pods/Target Support Files/Pods-MusicPlayer/Pods-MusicPlayer-frameworks.sh",
				"${BUILT_PRODUCTS_DIR}/SnapKit/SnapKit.framework",
			);
			name = "[CP] Embed Pods Frameworks";
			outputPaths = (
				"${TARGET_BUILD_DIR}/${FRAMEWORKS_FOLDER_PATH}/SnapKit.framework",
			);
			runOnlyForDeploymentPostprocessing = 0;
			shellPath = /bin/sh;
			shellScript = "\"${SRCROOT}/Pods/Target Support Files/Pods-MusicPlayer/Pods-MusicPlayer-frameworks.sh\"\n";
			showEnvVarsInLog = 0;
		};
		5C1C78F7F4BA30B9523DE5E8 /* [CP] Check Pods Manifest.lock */ = {
			isa = PBXShellScriptBuildPhase;
			buildActionMask = 2147483647;
			files = (
			);
			inputPaths = (
				"${PODS_PODFILE_DIR_PATH}/Podfile.lock",
				"${PODS_ROOT}/Manifest.lock",
			);
			name = "[CP] Check Pods Manifest.lock";
			outputPaths = (
				"$(DERIVED_FILE_DIR)/Pods-MusicPlayer-checkManifestLockResult.txt",
			);
			runOnlyForDeploymentPostprocessing = 0;
			shellPath = /bin/sh;
			shellScript = "diff \"${PODS_PODFILE_DIR_PATH}/Podfile.lock\" \"${PODS_ROOT}/Manifest.lock\" > /dev/null\nif [ $? != 0 ] ; then\n    # print error to STDERR\n    echo \"error: The sandbox is not in sync with the Podfile.lock. Run 'pod install' or update your CocoaPods installation.\" >&2\n    exit 1\nfi\n# This output is used by Xcode 'outputs' to avoid re-running this script phase.\necho \"SUCCESS\" > \"${SCRIPT_OUTPUT_FILE_0}\"\n";
			showEnvVarsInLog = 0;
		};
/* End PBXShellScriptBuildPhase section */

/* Begin PBXSourcesBuildPhase section */
		F863B48220B8721200DB685F /* Sources */ = {
			isa = PBXSourcesBuildPhase;
			buildActionMask = 2147483647;
			files = (
				F804A29020B963330050A379 /* AudioTableViewCell.swift in Sources */,
				E7E3A61CF2FD637AE4971AD8 /* AppDelegate.swift in Sources */,
				E7E3A5D9DF415EF49158B656 /* MainViewController.swift in Sources */,
				E7E3AD3E6FF9160E8694F0B6 /* AudioModel.swift in Sources */,
			);
			runOnlyForDeploymentPostprocessing = 0;
		};
/* End PBXSourcesBuildPhase section */

/* Begin XCBuildConfiguration section */
		F863B49620B8721300DB685F /* Debug */ = {
			isa = XCBuildConfiguration;
			buildSettings = {
				ALWAYS_SEARCH_USER_PATHS = NO;
				CLANG_ANALYZER_NONNULL = YES;
				CLANG_ANALYZER_NUMBER_OBJECT_CONVERSION = YES_AGGRESSIVE;
				CLANG_CXX_LANGUAGE_STANDARD = "gnu++14";
				CLANG_CXX_LIBRARY = "libc++";
				CLANG_ENABLE_MODULES = YES;
				CLANG_ENABLE_OBJC_ARC = YES;
				CLANG_ENABLE_OBJC_WEAK = YES;
				CLANG_WARN_BLOCK_CAPTURE_AUTORELEASING = YES;
				CLANG_WARN_BOOL_CONVERSION = YES;
				CLANG_WARN_COMMA = YES;
				CLANG_WARN_CONSTANT_CONVERSION = YES;
				CLANG_WARN_DEPRECATED_OBJC_IMPLEMENTATIONS = YES;
				CLANG_WARN_DIRECT_OBJC_ISA_USAGE = YES_ERROR;
				CLANG_WARN_DOCUMENTATION_COMMENTS = YES;
				CLANG_WARN_EMPTY_BODY = YES;
				CLANG_WARN_ENUM_CONVERSION = YES;
				CLANG_WARN_INFINITE_RECURSION = YES;
				CLANG_WARN_INT_CONVERSION = YES;
				CLANG_WARN_NON_LITERAL_NULL_CONVERSION = YES;
				CLANG_WARN_OBJC_IMPLICIT_RETAIN_SELF = YES;
				CLANG_WARN_OBJC_LITERAL_CONVERSION = YES;
				CLANG_WARN_OBJC_ROOT_CLASS = YES_ERROR;
				CLANG_WARN_RANGE_LOOP_ANALYSIS = YES;
				CLANG_WARN_STRICT_PROTOTYPES = YES;
				CLANG_WARN_SUSPICIOUS_MOVE = YES;
				CLANG_WARN_UNGUARDED_AVAILABILITY = YES_AGGRESSIVE;
				CLANG_WARN_UNREACHABLE_CODE = YES;
				CLANG_WARN__DUPLICATE_METHOD_MATCH = YES;
				CODE_SIGN_IDENTITY = "iPhone Developer";
				COPY_PHASE_STRIP = NO;
				DEBUG_INFORMATION_FORMAT = dwarf;
				ENABLE_STRICT_OBJC_MSGSEND = YES;
				ENABLE_TESTABILITY = YES;
				GCC_C_LANGUAGE_STANDARD = gnu11;
				GCC_DYNAMIC_NO_PIC = NO;
				GCC_NO_COMMON_BLOCKS = YES;
				GCC_OPTIMIZATION_LEVEL = 0;
				GCC_PREPROCESSOR_DEFINITIONS = (
					"DEBUG=1",
					"$(inherited)",
				);
				GCC_WARN_64_TO_32_BIT_CONVERSION = YES;
				GCC_WARN_ABOUT_RETURN_TYPE = YES_ERROR;
				GCC_WARN_UNDECLARED_SELECTOR = YES;
				GCC_WARN_UNINITIALIZED_AUTOS = YES_AGGRESSIVE;
				GCC_WARN_UNUSED_FUNCTION = YES;
				GCC_WARN_UNUSED_VARIABLE = YES;
				IPHONEOS_DEPLOYMENT_TARGET = 11.3;
				MTL_ENABLE_DEBUG_INFO = YES;
				ONLY_ACTIVE_ARCH = YES;
				SDKROOT = iphoneos;
				SWIFT_ACTIVE_COMPILATION_CONDITIONS = DEBUG;
				SWIFT_OPTIMIZATION_LEVEL = "-Onone";
			};
			name = Debug;
		};
		F863B49720B8721300DB685F /* Release */ = {
			isa = XCBuildConfiguration;
			buildSettings = {
				ALWAYS_SEARCH_USER_PATHS = NO;
				CLANG_ANALYZER_NONNULL = YES;
				CLANG_ANALYZER_NUMBER_OBJECT_CONVERSION = YES_AGGRESSIVE;
				CLANG_CXX_LANGUAGE_STANDARD = "gnu++14";
				CLANG_CXX_LIBRARY = "libc++";
				CLANG_ENABLE_MODULES = YES;
				CLANG_ENABLE_OBJC_ARC = YES;
				CLANG_ENABLE_OBJC_WEAK = YES;
				CLANG_WARN_BLOCK_CAPTURE_AUTORELEASING = YES;
				CLANG_WARN_BOOL_CONVERSION = YES;
				CLANG_WARN_COMMA = YES;
				CLANG_WARN_CONSTANT_CONVERSION = YES;
				CLANG_WARN_DEPRECATED_OBJC_IMPLEMENTATIONS = YES;
				CLANG_WARN_DIRECT_OBJC_ISA_USAGE = YES_ERROR;
				CLANG_WARN_DOCUMENTATION_COMMENTS = YES;
				CLANG_WARN_EMPTY_BODY = YES;
				CLANG_WARN_ENUM_CONVERSION = YES;
				CLANG_WARN_INFINITE_RECURSION = YES;
				CLANG_WARN_INT_CONVERSION = YES;
				CLANG_WARN_NON_LITERAL_NULL_CONVERSION = YES;
				CLANG_WARN_OBJC_IMPLICIT_RETAIN_SELF = YES;
				CLANG_WARN_OBJC_LITERAL_CONVERSION = YES;
				CLANG_WARN_OBJC_ROOT_CLASS = YES_ERROR;
				CLANG_WARN_RANGE_LOOP_ANALYSIS = YES;
				CLANG_WARN_STRICT_PROTOTYPES = YES;
				CLANG_WARN_SUSPICIOUS_MOVE = YES;
				CLANG_WARN_UNGUARDED_AVAILABILITY = YES_AGGRESSIVE;
				CLANG_WARN_UNREACHABLE_CODE = YES;
				CLANG_WARN__DUPLICATE_METHOD_MATCH = YES;
				CODE_SIGN_IDENTITY = "iPhone Developer";
				COPY_PHASE_STRIP = NO;
				DEBUG_INFORMATION_FORMAT = "dwarf-with-dsym";
				ENABLE_NS_ASSERTIONS = NO;
				ENABLE_STRICT_OBJC_MSGSEND = YES;
				GCC_C_LANGUAGE_STANDARD = gnu11;
				GCC_NO_COMMON_BLOCKS = YES;
				GCC_WARN_64_TO_32_BIT_CONVERSION = YES;
				GCC_WARN_ABOUT_RETURN_TYPE = YES_ERROR;
				GCC_WARN_UNDECLARED_SELECTOR = YES;
				GCC_WARN_UNINITIALIZED_AUTOS = YES_AGGRESSIVE;
				GCC_WARN_UNUSED_FUNCTION = YES;
				GCC_WARN_UNUSED_VARIABLE = YES;
				IPHONEOS_DEPLOYMENT_TARGET = 11.3;
				MTL_ENABLE_DEBUG_INFO = NO;
				SDKROOT = iphoneos;
				SWIFT_COMPILATION_MODE = wholemodule;
				SWIFT_OPTIMIZATION_LEVEL = "-O";
				VALIDATE_PRODUCT = YES;
			};
			name = Release;
		};
		F863B49920B8721300DB685F /* Debug */ = {
			isa = XCBuildConfiguration;
			baseConfigurationReference = 8B2D00DAF143B8FFFCEA09F9 /* Pods-MusicPlayer.debug.xcconfig */;
			buildSettings = {
				ASSETCATALOG_COMPILER_APPICON_NAME = AppIcon;
				CODE_SIGN_STYLE = Automatic;
				DEVELOPMENT_TEAM = 8QAM996SBN;
				INFOPLIST_FILE = MusicPlayer/Universal/Info.plist;
				IPHONEOS_DEPLOYMENT_TARGET = 9.0;
				LD_RUNPATH_SEARCH_PATHS = (
					"$(inherited)",
					"@executable_path/Frameworks",
				);
				PRODUCT_BUNDLE_IDENTIFIER = "-x11901.MusicPlayer";
				PRODUCT_NAME = "$(TARGET_NAME)";
				SWIFT_VERSION = 4.0;
				TARGETED_DEVICE_FAMILY = 1;
			};
			name = Debug;
		};
		F863B49A20B8721300DB685F /* Release */ = {
			isa = XCBuildConfiguration;
			baseConfigurationReference = CBE1FC22AB65D04DDD578BFF /* Pods-MusicPlayer.release.xcconfig */;
			buildSettings = {
				ASSETCATALOG_COMPILER_APPICON_NAME = AppIcon;
				CODE_SIGN_STYLE = Automatic;
				DEVELOPMENT_TEAM = 8QAM996SBN;
				INFOPLIST_FILE = MusicPlayer/Universal/Info.plist;
				IPHONEOS_DEPLOYMENT_TARGET = 9.0;
				LD_RUNPATH_SEARCH_PATHS = (
					"$(inherited)",
					"@executable_path/Frameworks",
				);
				PRODUCT_BUNDLE_IDENTIFIER = "-x11901.MusicPlayer";
				PRODUCT_NAME = "$(TARGET_NAME)";
				SWIFT_VERSION = 4.0;
				TARGETED_DEVICE_FAMILY = 1;
			};
			name = Release;
		};
/* End XCBuildConfiguration section */

/* Begin XCConfigurationList section */
		F863B48120B8721200DB685F /* Build configuration list for PBXProject "MusicPlayer" */ = {
			isa = XCConfigurationList;
			buildConfigurations = (
				F863B49620B8721300DB685F /* Debug */,
				F863B49720B8721300DB685F /* Release */,
			);
			defaultConfigurationIsVisible = 0;
			defaultConfigurationName = Release;
		};
		F863B49820B8721300DB685F /* Build configuration list for PBXNativeTarget "MusicPlayer" */ = {
			isa = XCConfigurationList;
			buildConfigurations = (
				F863B49920B8721300DB685F /* Debug */,
				F863B49A20B8721300DB685F /* Release */,
			);
			defaultConfigurationIsVisible = 0;
			defaultConfigurationName = Release;
		};
/* End XCConfigurationList section */
	};
	rootObject = F863B47E20B8721200DB685F /* Project object */;
}
